
Microsoft Visual Studio Solution File, Format Version 12.00
# Visual Studio Version 16
VisualStudioVersion = 16.0.30225.117
MinimumVisualStudioVersion = 10.0.40219.1
Project("{FAE04EC0-301F-11D3-BF4B-00C04F79EFBC}") = "1_TypyGeneryczne", "1_TypyGeneryczne\1_TypyGeneryczne.csproj", "{C9E9C4F7-6D3B-4B1A-9569-33EA52B9FE9A}"
EndProject
Project("{FAE04EC0-301F-11D3-BF4B-00C04F79EFBC}") = "2_KolekcjeGeneryczne", "2_KolekcjeGeneryczne\2_KolekcjeGeneryczne.csproj", "{EA82C1AD-A87D-4A56-89C3-82F5C94089A3}"
EndProject
Global
	GlobalSection(SolutionConfigurationPlatforms) = preSolution
		Debug|Any CPU = Debug|Any CPU
		Release|Any CPU = Release|Any CPU
	EndGlobalSection
	GlobalSection(ProjectConfigurationPlatforms) = postSolution
		{C9E9C4F7-6D3B-4B1A-9569-33EA52B9FE9A}.Debug|Any CPU.ActiveCfg = Debug|Any CPU
		{C9E9C4F7-6D3B-4B1A-9569-33EA52B9FE9A}.Debug|Any CPU.Build.0 = Debug|Any CPU
		{C9E9C4F7-6D3B-4B1A-9569-33EA52B9FE9A}.Release|Any CPU.ActiveCfg = Release|Any CPU
		{C9E9C4F7-6D3B-4B1A-9569-33EA52B9FE9A}.Release|Any CPU.Build.0 = Release|Any CPU
		{EA82C1AD-A87D-4A56-89C3-82F5C94089A3}.Debug|Any CPU.ActiveCfg = Debug|Any CPU
		{EA82C1AD-A87D-4A56-89C3-82F5C94089A3}.Debug|Any CPU.Build.0 = Debug|Any CPU
		{EA82C1AD-A87D-4A56-89C3-82F5C94089A3}.Release|Any CPU.ActiveCfg = Release|Any CPU
		{EA82C1AD-A87D-4A56-89C3-82F5C94089A3}.Release|Any CPU.Build.0 = Release|Any CPU
	EndGlobalSection
	GlobalSection(SolutionProperties) = preSolution
		HideSolutionNode = FALSE
	EndGlobalSection
	GlobalSection(ExtensibilityGlobals) = postSolution
		SolutionGuid = {15F3C8AC-1423-4239-A0AA-ECB900FB574C}
	EndGlobalSection
EndGlobal
